
Microsoft Visual Studio Solution File, Format Version 12.00
# Visual Studio Version 17
VisualStudioVersion = 17.7.34302.85
MinimumVisualStudioVersion = 10.0.40219.1
Project("{00D1A9C2-B5F0-4AF3-8072-F6C62B433612}") = "HotelAppDB", "HotelAppDB\HotelAppDB.sqlproj", "{392270EC-61D5-4FA8-86AB-07316EF143FC}"
EndProject
Project("{FAE04EC0-301F-11D3-BF4B-00C04F79EFBC}") = "HotelAppLibrary", "HotelAppLibrary\HotelAppLibrary.csproj", "{A41B17BD-CCC2-43C7-8FCF-BB55B01818BB}"
EndProject
Global
	GlobalSection(SolutionConfigurationPlatforms) = preSolution
		Debug|Any CPU = Debug|Any CPU
		Release|Any CPU = Release|Any CPU
	EndGlobalSection
	GlobalSection(ProjectConfigurationPlatforms) = postSolution
		{392270EC-61D5-4FA8-86AB-07316EF143FC}.Debug|Any CPU.ActiveCfg = Debug|Any CPU
		{392270EC-61D5-4FA8-86AB-07316EF143FC}.Debug|Any CPU.Build.0 = Debug|Any CPU
		{392270EC-61D5-4FA8-86AB-07316EF143FC}.Debug|Any CPU.Deploy.0 = Debug|Any CPU
		{392270EC-61D5-4FA8-86AB-07316EF143FC}.Release|Any CPU.ActiveCfg = Release|Any CPU
		{392270EC-61D5-4FA8-86AB-07316EF143FC}.Release|Any CPU.Build.0 = Release|Any CPU
		{392270EC-61D5-4FA8-86AB-07316EF143FC}.Release|Any CPU.Deploy.0 = Release|Any CPU
		{A41B17BD-CCC2-43C7-8FCF-BB55B01818BB}.Debug|Any CPU.ActiveCfg = Debug|Any CPU
		{A41B17BD-CCC2-43C7-8FCF-BB55B01818BB}.Debug|Any CPU.Build.0 = Debug|Any CPU
		{A41B17BD-CCC2-43C7-8FCF-BB55B01818BB}.Release|Any CPU.ActiveCfg = Release|Any CPU
		{A41B17BD-CCC2-43C7-8FCF-BB55B01818BB}.Release|Any CPU.Build.0 = Release|Any CPU
	EndGlobalSection
	GlobalSection(SolutionProperties) = preSolution
		HideSolutionNode = FALSE
	EndGlobalSection
	GlobalSection(ExtensibilityGlobals) = postSolution
		SolutionGuid = {B5821B5C-F5A1-4DA5-9A47-570C16DD3C05}
	EndGlobalSection
EndGlobal
